
Microsoft Visual Studio Solution File, Format Version 12.00
# Visual Studio 15
VisualStudioVersion = 15.0.27130.2027
MinimumVisualStudioVersion = 10.0.40219.1
Project("{FAE04EC0-301F-11D3-BF4B-00C04F79EFBC}") = "PropertyCopying", "PropertyCopying\PropertyCopying.csproj", "{49765F71-C2EE-4ABA-9973-432723F66A33}"
EndProject
Global
	GlobalSection(SolutionConfigurationPlatforms) = preSolution
		Debug|Any CPU = Debug|Any CPU
		Release|Any CPU = Release|Any CPU
	EndGlobalSection
	GlobalSection(ProjectConfigurationPlatforms) = postSolution
		{49765F71-C2EE-4ABA-9973-432723F66A33}.Debug|Any CPU.ActiveCfg = Debug|Any CPU
		{49765F71-C2EE-4ABA-9973-432723F66A33}.Debug|Any CPU.Build.0 = Debug|Any CPU
		{49765F71-C2EE-4ABA-9973-432723F66A33}.Release|Any CPU.ActiveCfg = Release|Any CPU
		{49765F71-C2EE-4ABA-9973-432723F66A33}.Release|Any CPU.Build.0 = Release|Any CPU
	EndGlobalSection
	GlobalSection(SolutionProperties) = preSolution
		HideSolutionNode = FALSE
	EndGlobalSection
	GlobalSection(ExtensibilityGlobals) = postSolution
		SolutionGuid = {A2F1A88E-D135-4527-953F-E79E0802864A}
	EndGlobalSection
EndGlobal
